
Microsoft Visual Studio Solution File, Format Version 12.00
# Visual Studio Version 17
VisualStudioVersion = 17.8.34309.116
MinimumVisualStudioVersion = 10.0.40219.1
Project("{9A19103F-16F7-4668-BE54-9A1E7A4F7556}") = "VaultConfig", "src\VaultConfig\VaultConfig.csproj", "{4187C3C8-A197-460E-9A2B-6258F54CB439}"
EndProject

Global
	GlobalSection(SolutionConfigurationPlatforms) = preSolution
		Debug|Any CPU = Debug|Any CPU
		Release|Any CPU = Release|Any CPU
	EndGlobalSection
	GlobalSection(ProjectConfigurationPlatforms) = postSolution
		{4187C3C8-A197-460E-9A2B-6258F54CB439}.Debug|Any CPU.ActiveCfg = Debug|Any CPU
		{4187C3C8-A197-460E-9A2B-6258F54CB439}.Debug|Any CPU.Build.0 = Debug|Any CPU
		{4187C3C8-A197-460E-9A2B-6258F54CB439}.Release|Any CPU.ActiveCfg = Release|Any CPU
		{4187C3C8-A197-460E-9A2B-6258F54CB439}.Release|Any CPU.Build.0 = Release|Any CPU
		{0179A39E-058C-46AB-8EC2-DDD64C02A23F}.Debug|Any CPU.ActiveCfg = Debug|Any CPU
		{0179A39E-058C-46AB-8EC2-DDD64C02A23F}.Debug|Any CPU.Build.0 = Debug|Any CPU
		{0179A39E-058C-46AB-8EC2-DDD64C02A23F}.Release|Any CPU.ActiveCfg = Release|Any CPU
		{0179A39E-058C-46AB-8EC2-DDD64C02A23F}.Release|Any CPU.Build.0 = Release|Any CPU
	EndGlobalSection
	GlobalSection(SolutionProperties) = preSolution
		HideSolutionNode = FALSE
	EndGlobalSection
	GlobalSection(ExtensibilityGlobals) = postSolution
		SolutionGuid = {7461208D-5117-4F50-8CF1-5A8029C28437}
	EndGlobalSection
EndGlobal
